<?xml version="1.0" encoding="utf-8"?>
<Project ToolsVersion="4.0" xmlns="http://schemas.microsoft.com/developer/msbuild/2003">
  <ItemGroup>
    <Filter Include="Source Files">
      <UniqueIdentifier>{4FC737F1-C7A5-4376-A066-2A32D752A2FF}</UniqueIdentifier>
      <Extensions>cpp;c;cc;cxx;def;odl;idl;hpj;bat;asm;asmx</Extensions>
    </Filter>
    <Filter Include="Header Files">
      <UniqueIdentifier>{93995380-89BD-4b04-88EB-625FBE52EBFB}</UniqueIdentifier>
      <Extensions>h;hpp;hxx;hm;inl;inc;xsd</Extensions>
    </Filter>
    <Filter Include="Resource Files">
      <UniqueIdentifier>{67DA6AB6-F800-4c08-8B7A-83BB121AAD01}</UniqueIdentifier>
      <Extensions>rc;ico;cur;bmp;dlg;rc2;rct;bin;rgs;gif;jpg;jpeg;jpe;resx;tiff;tif;png;wav;mfcribbon-ms</Extensions>
    </Filter>
    <Filter Include="Source Files\GUI">
      <UniqueIdentifier>{d2a66a42-d396-4886-a859-9af2d7d51b0b}</UniqueIdentifier>
    </Filter>
    <Filter Include="Header Files\GUI">
      <UniqueIdentifier>{f9b6899a-e913-4384-b934-3b9a6695fa14}</UniqueIdentifier>
    </Filter>
  </ItemGroup>
  <ItemGroup>
    <ClInclude Include="..\src\Data.h">
      <Filter>Header Files</Filter>
    </ClInclude>
    <ClInclude Include="..\src\Image.h">
      <Filter>Header Files</Filter>
    </ClInclude>
    <ClInclude Include="..\src\MapHead.h">
      <Filter>Header Files</Filter>
    </ClInclude>
    <ClInclude Include="..\src\Object.h">
      <Filter>Header Files</Filter>
    </ClInclude>
    <ClInclude Include="..\src\Worker.h">
      <Filter>Header Files</Filter>
    </ClInclude>
    <ClInclude Include="..\src\Window.h">
      <Filter>Header Files</Filter>
    </ClInclude>
    <ClInclude Include="..\src\Map_Node.h">
      <Filter>Header Files</Filter>
    </ClInclude>
    <ClInclude Include="..\src\Map_Group.h">
      <Filter>Header Files</Filter>
    </ClInclude>
    <ClInclude Include="..\src\MyMath.h">
      <Filter>Header Files</Filter>
    </ClInclude>
    <ClInclude Include="..\src\CollData.h">
      <Filter>Header Files</Filter>
    </ClInclude>
    <ClInclude Include="..\src\Coll_Node.h">
      <Filter>Header Files</Filter>
    </ClInclude>
    <ClInclude Include="..\src\Node.h">
      <Filter>Header Files</Filter>
    </ClInclude>
    <ClInclude Include="..\src\Coll_LinkNode.h">
      <Filter>Header Files</Filter>
    </ClInclude>
    <ClInclude Include="..\src\Coll_ElemNode.h">
      <Filter>Header Files</Filter>
    </ClInclude>
    <ClInclude Include="..\src\DynamicVar.h">
      <Filter>Header Files</Filter>
    </ClInclude>
    <ClInclude Include="..\src\GrGroundData.h">
      <Filter>Header Files</Filter>
    </ClInclude>
    <ClInclude Include="..\src\TestPosition.h">
      <Filter>Header Files</Filter>
    </ClInclude>
    <ClInclude Include="Vector2.h">
      <Filter>Header Files</Filter>
    </ClInclude>
    <ClInclude Include="..\src\Button.h">
      <Filter>Header Files\GUI</Filter>
    </ClInclude>
    <ClInclude Include="..\src\Resources.h">
      <Filter>Header Files</Filter>
    </ClInclude>
    <ClInclude Include="..\src\ByteButton.h">
      <Filter>Header Files\GUI</Filter>
    </ClInclude>
    <ClInclude Include="..\src\Ptr.h">
      <Filter>Header Files</Filter>
    </ClInclude>
    <ClInclude Include="..\src\BytesMatrix.h">
      <Filter>Header Files\GUI</Filter>
    </ClInclude>
  </ItemGroup>
  <ItemGroup>
    <ClCompile Include="..\src\Data.cpp">
      <Filter>Source Files</Filter>
    </ClCompile>
    <ClCompile Include="..\src\Worker.cpp">
      <Filter>Source Files</Filter>
    </ClCompile>
    <ClCompile Include="..\src\MapHead.cpp">
      <Filter>Source Files</Filter>
    </ClCompile>
    <ClCompile Include="..\src\main.cpp">
      <Filter>Source Files</Filter>
    </ClCompile>
    <ClCompile Include="..\src\Window.cpp">
      <Filter>Source Files</Filter>
    </ClCompile>
    <ClCompile Include="..\src\Map_Node.cpp">
      <Filter>Source Files</Filter>
    </ClCompile>
    <ClCompile Include="..\src\Map_Group.cpp">
      <Filter>Source Files</Filter>
    </ClCompile>
    <ClCompile Include="..\src\CollData.cpp">
      <Filter>Source Files</Filter>
    </ClCompile>
    <ClCompile Include="..\src\Coll_Node.cpp">
      <Filter>Source Files</Filter>
    </ClCompile>
    <ClCompile Include="..\src\Node.cpp">
      <Filter>Source Files</Filter>
    </ClCompile>
    <ClCompile Include="..\src\Coll_LinkNode.cpp">
      <Filter>Source Files</Filter>
    </ClCompile>
    <ClCompile Include="..\src\Coll_ElemNode.cpp">
      <Filter>Source Files</Filter>
    </ClCompile>
    <ClCompile Include="..\src\GrGroundData.cpp">
      <Filter>Source Files</Filter>
    </ClCompile>
    <ClCompile Include="..\src\Button.cpp">
      <Filter>Source Files\GUI</Filter>
    </ClCompile>
    <ClCompile Include="..\src\Resources.cpp">
      <Filter>Source Files</Filter>
    </ClCompile>
    <ClCompile Include="..\src\ByteButton.cpp">
      <Filter>Source Files\GUI</Filter>
    </ClCompile>
    <ClCompile Include="..\src\Ptr.cpp">
      <Filter>Source Files</Filter>
    </ClCompile>
    <ClCompile Include="..\src\BytesMatrix.cpp">
      <Filter>Source Files\GUI</Filter>
    </ClCompile>
  </ItemGroup>
</Project>